// !$*UTF8*$!
{
	archiveVersion = 1;
	classes = {
	};
	objectVersion = 46;
	objects = {

/* Begin PBXBuildFile section */
		005A50D81F1F9FFC006631E0 /* AppDelegate.swift in Sources */ = {isa = PBXBuildFile; fileRef = 005A50D71F1F9FFC006631E0 /* AppDelegate.swift */; };
		005A50DA1F1F9FFC006631E0 /* SignInVC.swift in Sources */ = {isa = PBXBuildFile; fileRef = 005A50D91F1F9FFC006631E0 /* SignInVC.swift */; };
		005A50DD1F1F9FFC006631E0 /* Main.storyboard in Resources */ = {isa = PBXBuildFile; fileRef = 005A50DB1F1F9FFC006631E0 /* Main.storyboard */; };
		005A50DF1F1F9FFC006631E0 /* Assets.xcassets in Resources */ = {isa = PBXBuildFile; fileRef = 005A50DE1F1F9FFC006631E0 /* Assets.xcassets */; };
		005A50E21F1F9FFC006631E0 /* LaunchScreen.storyboard in Resources */ = {isa = PBXBuildFile; fileRef = 005A50E01F1F9FFC006631E0 /* LaunchScreen.storyboard */; };
		005A50EA1F1FA034006631E0 /* GoogleService-Info.plist in Resources */ = {isa = PBXBuildFile; fileRef = 005A50E91F1FA034006631E0 /* GoogleService-Info.plist */; };
		332C178E73E0F8EEE266EF95 /* Pods_SocialApp.framework in Frameworks */ = {isa = PBXBuildFile; fileRef = 22FF8D16396E1973E9FB9101 /* Pods_SocialApp.framework */; };
/* End PBXBuildFile section */

/* Begin PBXFileReference section */
		005A50D41F1F9FFC006631E0 /* SocialApp.app */ = {isa = PBXFileReference; explicitFileType = wrapper.application; includeInIndex = 0; path = SocialApp.app; sourceTree = BUILT_PRODUCTS_DIR; };
		005A50D71F1F9FFC006631E0 /* AppDelegate.swift */ = {isa = PBXFileReference; lastKnownFileType = sourcecode.swift; path = AppDelegate.swift; sourceTree = "<group>"; };
		005A50D91F1F9FFC006631E0 /* SignInVC.swift */ = {isa = PBXFileReference; lastKnownFileType = sourcecode.swift; path = SignInVC.swift; sourceTree = "<group>"; };
		005A50DC1F1F9FFC006631E0 /* Base */ = {isa = PBXFileReference; lastKnownFileType = file.storyboard; name = Base; path = Base.lproj/Main.storyboard; sourceTree = "<group>"; };
		005A50DE1F1F9FFC006631E0 /* Assets.xcassets */ = {isa = PBXFileReference; lastKnownFileType = folder.assetcatalog; path = Assets.xcassets; sourceTree = "<group>"; };
		005A50E11F1F9FFC006631E0 /* Base */ = {isa = PBXFileReference; lastKnownFileType = file.storyboard; name = Base; path = Base.lproj/LaunchScreen.storyboard; sourceTree = "<group>"; };
		005A50E31F1F9FFC006631E0 /* Info.plist */ = {isa = PBXFileReference; lastKnownFileType = text.plist.xml; path = Info.plist; sourceTree = "<group>"; };
		005A50E91F1FA034006631E0 /* GoogleService-Info.plist */ = {isa = PBXFileReference; fileEncoding = 4; lastKnownFileType = text.plist.xml; path = "GoogleService-Info.plist"; sourceTree = "<group>"; };
		22FF8D16396E1973E9FB9101 /* Pods_SocialApp.framework */ = {isa = PBXFileReference; explicitFileType = wrapper.framework; includeInIndex = 0; path = Pods_SocialApp.framework; sourceTree = BUILT_PRODUCTS_DIR; };
		8EF9298813EC9DC681D486D3 /* Pods-SocialApp.release.xcconfig */ = {isa = PBXFileReference; includeInIndex = 1; lastKnownFileType = text.xcconfig; name = "Pods-SocialApp.release.xcconfig"; path = "Pods/Target Support Files/Pods-SocialApp/Pods-SocialApp.release.xcconfig"; sourceTree = "<group>"; };
		C21BC3C3D45401B71181A7BE /* Pods-SocialApp.debug.xcconfig */ = {isa = PBXFileReference; includeInIndex = 1; lastKnownFileType = text.xcconfig; name = "Pods-SocialApp.debug.xcconfig"; path = "Pods/Target Support Files/Pods-SocialApp/Pods-SocialApp.debug.xcconfig"; sourceTree = "<group>"; };
/* End PBXFileReference section */

/* Begin PBXFrameworksBuildPhase section */
		005A50D11F1F9FFC006631E0 /* Frameworks */ = {
			isa = PBXFrameworksBuildPhase;
			buildActionMask = 2147483647;
			files = (
				332C178E73E0F8EEE266EF95 /* Pods_SocialApp.framework in Frameworks */,
			);
			runOnlyForDeploymentPostprocessing = 0;
		};
/* End PBXFrameworksBuildPhase section */

/* Begin PBXGroup section */
		005A50CB1F1F9FFC006631E0 = {
			isa = PBXGroup;
			children = (
				005A50D61F1F9FFC006631E0 /* SocialApp */,
				005A50D51F1F9FFC006631E0 /* Products */,
				8011346E2D36C4053A5883FE /* Pods */,
				E2B221C3609C726E8BAADCFC /* Frameworks */,
			);
			sourceTree = "<group>";
		};
		005A50D51F1F9FFC006631E0 /* Products */ = {
			isa = PBXGroup;
			children = (
				005A50D41F1F9FFC006631E0 /* SocialApp.app */,
			);
			name = Products;
			sourceTree = "<group>";
		};
		005A50D61F1F9FFC006631E0 /* SocialApp */ = {
			isa = PBXGroup;
			children = (
				005A50ED1F1FA29D006631E0 /* Model */,
				005A50EC1F1FA294006631E0 /* View */,
				005A50EB1F1FA28E006631E0 /* Controller */,
				005A50D71F1F9FFC006631E0 /* AppDelegate.swift */,
				005A50DB1F1F9FFC006631E0 /* Main.storyboard */,
				005A50DE1F1F9FFC006631E0 /* Assets.xcassets */,
				005A50E01F1F9FFC006631E0 /* LaunchScreen.storyboard */,
				005A50E31F1F9FFC006631E0 /* Info.plist */,
				005A50E91F1FA034006631E0 /* GoogleService-Info.plist */,
			);
			path = SocialApp;
			sourceTree = "<group>";
		};
		005A50EB1F1FA28E006631E0 /* Controller */ = {
			isa = PBXGroup;
			children = (
				005A50D91F1F9FFC006631E0 /* SignInVC.swift */,
			);
			name = Controller;
			sourceTree = "<group>";
		};
		005A50EC1F1FA294006631E0 /* View */ = {
			isa = PBXGroup;
			children = (
			);
			name = View;
			sourceTree = "<group>";
		};
		005A50ED1F1FA29D006631E0 /* Model */ = {
			isa = PBXGroup;
			children = (
			);
			name = Model;
			sourceTree = "<group>";
		};
		8011346E2D36C4053A5883FE /* Pods */ = {
			isa = PBXGroup;
			children = (
				C21BC3C3D45401B71181A7BE /* Pods-SocialApp.debug.xcconfig */,
				8EF9298813EC9DC681D486D3 /* Pods-SocialApp.release.xcconfig */,
			);
			name = Pods;
			sourceTree = "<group>";
		};
		E2B221C3609C726E8BAADCFC /* Frameworks */ = {
			isa = PBXGroup;
			children = (
				22FF8D16396E1973E9FB9101 /* Pods_SocialApp.framework */,
			);
			name = Frameworks;
			sourceTree = "<group>";
		};
/* End PBXGroup section */

/* Begin PBXNativeTarget section */
		005A50D31F1F9FFC006631E0 /* SocialApp */ = {
			isa = PBXNativeTarget;
			buildConfigurationList = 005A50E61F1F9FFC006631E0 /* Build configuration list for PBXNativeTarget "SocialApp" */;
			buildPhases = (
				571918C04A18DBBA3ADFC523 /* [CP] Check Pods Manifest.lock */,
				005A50D01F1F9FFC006631E0 /* Sources */,
				005A50D11F1F9FFC006631E0 /* Frameworks */,
				005A50D21F1F9FFC006631E0 /* Resources */,
				B5626A667956C2FEBABB61F7 /* [CP] Embed Pods Frameworks */,
				07998542A5D4CB1374936016 /* [CP] Copy Pods Resources */,
			);
			buildRules = (
			);
			dependencies = (
			);
			name = SocialApp;
			productName = SocialApp;
			productReference = 005A50D41F1F9FFC006631E0 /* SocialApp.app */;
			productType = "com.apple.product-type.application";
		};
/* End PBXNativeTarget section */

/* Begin PBXProject section */
		005A50CC1F1F9FFC006631E0 /* Project object */ = {
			isa = PBXProject;
			attributes = {
				LastSwiftUpdateCheck = 0830;
				LastUpgradeCheck = 0830;
				ORGANIZATIONNAME = "Jeremy Clerico";
				TargetAttributes = {
					005A50D31F1F9FFC006631E0 = {
						CreatedOnToolsVersion = 8.3.3;
						DevelopmentTeam = VUPUN7YH6F;
						ProvisioningStyle = Automatic;
					};
				};
			};
			buildConfigurationList = 005A50CF1F1F9FFC006631E0 /* Build configuration list for PBXProject "SocialApp" */;
			compatibilityVersion = "Xcode 3.2";
			developmentRegion = English;
			hasScannedForEncodings = 0;
			knownRegions = (
				en,
				Base,
			);
			mainGroup = 005A50CB1F1F9FFC006631E0;
			productRefGroup = 005A50D51F1F9FFC006631E0 /* Products */;
			projectDirPath = "";
			projectRoot = "";
			targets = (
				005A50D31F1F9FFC006631E0 /* SocialApp */,
			);
		};
/* End PBXProject section */

/* Begin PBXResourcesBuildPhase section */
		005A50D21F1F9FFC006631E0 /* Resources */ = {
			isa = PBXResourcesBuildPhase;
			buildActionMask = 2147483647;
			files = (
				005A50E21F1F9FFC006631E0 /* LaunchScreen.storyboard in Resources */,
				005A50EA1F1FA034006631E0 /* GoogleService-Info.plist in Resources */,
				005A50DF1F1F9FFC006631E0 /* Assets.xcassets in Resources */,
				005A50DD1F1F9FFC006631E0 /* Main.storyboard in Resources */,
			);
			runOnlyForDeploymentPostprocessing = 0;
		};
/* End PBXResourcesBuildPhase section */

/* Begin PBXShellScriptBuildPhase section */
		07998542A5D4CB1374936016 /* [CP] Copy Pods Resources */ = {
			isa = PBXShellScriptBuildPhase;
			buildActionMask = 2147483647;
			files = (
			);
			inputPaths = (
			);
			name = "[CP] Copy Pods Resources";
			outputPaths = (
			);
			runOnlyForDeploymentPostprocessing = 0;
			shellPath = /bin/sh;
			shellScript = "\"${SRCROOT}/Pods/Target Support Files/Pods-SocialApp/Pods-SocialApp-resources.sh\"\n";
			showEnvVarsInLog = 0;
		};
		571918C04A18DBBA3ADFC523 /* [CP] Check Pods Manifest.lock */ = {
			isa = PBXShellScriptBuildPhase;
			buildActionMask = 2147483647;
			files = (
			);
			inputPaths = (
			);
			name = "[CP] Check Pods Manifest.lock";
			outputPaths = (
			);
			runOnlyForDeploymentPostprocessing = 0;
			shellPath = /bin/sh;
			shellScript = "diff \"${PODS_PODFILE_DIR_PATH}/Podfile.lock\" \"${PODS_ROOT}/Manifest.lock\" > /dev/null\nif [ $? != 0 ] ; then\n    # print error to STDERR\n    echo \"error: The sandbox is not in sync with the Podfile.lock. Run 'pod install' or update your CocoaPods installation.\" >&2\n    exit 1\nfi\n";
			showEnvVarsInLog = 0;
		};
		B5626A667956C2FEBABB61F7 /* [CP] Embed Pods Frameworks */ = {
			isa = PBXShellScriptBuildPhase;
			buildActionMask = 2147483647;
			files = (
			);
			inputPaths = (
			);
			name = "[CP] Embed Pods Frameworks";
			outputPaths = (
			);
			runOnlyForDeploymentPostprocessing = 0;
			shellPath = /bin/sh;
			shellScript = "\"${SRCROOT}/Pods/Target Support Files/Pods-SocialApp/Pods-SocialApp-frameworks.sh\"\n";
			showEnvVarsInLog = 0;
		};
/* End PBXShellScriptBuildPhase section */

/* Begin PBXSourcesBuildPhase section */
		005A50D01F1F9FFC006631E0 /* Sources */ = {
			isa = PBXSourcesBuildPhase;
			buildActionMask = 2147483647;
			files = (
				005A50DA1F1F9FFC006631E0 /* SignInVC.swift in Sources */,
				005A50D81F1F9FFC006631E0 /* AppDelegate.swift in Sources */,
			);
			runOnlyForDeploymentPostprocessing = 0;
		};
/* End PBXSourcesBuildPhase section */

/* Begin PBXVariantGroup section */
		005A50DB1F1F9FFC006631E0 /* Main.storyboard */ = {
			isa = PBXVariantGroup;
			children = (
				005A50DC1F1F9FFC006631E0 /* Base */,
			);
			name = Main.storyboard;
			sourceTree = "<group>";
		};
		005A50E01F1F9FFC006631E0 /* LaunchScreen.storyboard */ = {
			isa = PBXVariantGroup;
			children = (
				005A50E11F1F9FFC006631E0 /* Base */,
			);
			name = LaunchScreen.storyboard;
			sourceTree = "<group>";
		};
/* End PBXVariantGroup section */

/* Begin XCBuildConfiguration section */
		005A50E41F1F9FFC006631E0 /* Debug */ = {
			isa = XCBuildConfiguration;
			buildSettings = {
				ALWAYS_SEARCH_USER_PATHS = NO;
				CLANG_ANALYZER_NONNULL = YES;
				CLANG_ANALYZER_NUMBER_OBJECT_CONVERSION = YES_AGGRESSIVE;
				CLANG_CXX_LANGUAGE_STANDARD = "gnu++0x";
				CLANG_CXX_LIBRARY = "libc++";
				CLANG_ENABLE_MODULES = YES;
				CLANG_ENABLE_OBJC_ARC = YES;
				CLANG_WARN_BOOL_CONVERSION = YES;
				CLANG_WARN_CONSTANT_CONVERSION = YES;
				CLANG_WARN_DIRECT_OBJC_ISA_USAGE = YES_ERROR;
				CLANG_WARN_DOCUMENTATION_COMMENTS = YES;
				CLANG_WARN_EMPTY_BODY = YES;
				CLANG_WARN_ENUM_CONVERSION = YES;
				CLANG_WARN_INFINITE_RECURSION = YES;
				CLANG_WARN_INT_CONVERSION = YES;
				CLANG_WARN_OBJC_ROOT_CLASS = YES_ERROR;
				CLANG_WARN_SUSPICIOUS_MOVE = YES;
				CLANG_WARN_UNREACHABLE_CODE = YES;
				CLANG_WARN__DUPLICATE_METHOD_MATCH = YES;
				"CODE_SIGN_IDENTITY[sdk=iphoneos*]" = "iPhone Developer";
				COPY_PHASE_STRIP = NO;
				DEBUG_INFORMATION_FORMAT = dwarf;
				ENABLE_STRICT_OBJC_MSGSEND = YES;
				ENABLE_TESTABILITY = YES;
				GCC_C_LANGUAGE_STANDARD = gnu99;
				GCC_DYNAMIC_NO_PIC = NO;
				GCC_NO_COMMON_BLOCKS = YES;
				GCC_OPTIMIZATION_LEVEL = 0;
				GCC_PREPROCESSOR_DEFINITIONS = (
					"DEBUG=1",
					"$(inherited)",
				);
				GCC_WARN_64_TO_32_BIT_CONVERSION = YES;
				GCC_WARN_ABOUT_RETURN_TYPE = YES_ERROR;
				GCC_WARN_UNDECLARED_SELECTOR = YES;
				GCC_WARN_UNINITIALIZED_AUTOS = YES_AGGRESSIVE;
				GCC_WARN_UNUSED_FUNCTION = YES;
				GCC_WARN_UNUSED_VARIABLE = YES;
				IPHONEOS_DEPLOYMENT_TARGET = 10.3;
				MTL_ENABLE_DEBUG_INFO = YES;
				ONLY_ACTIVE_ARCH = YES;
				SDKROOT = iphoneos;
				SWIFT_ACTIVE_COMPILATION_CONDITIONS = DEBUG;
				SWIFT_OPTIMIZATION_LEVEL = "-Onone";
				TARGETED_DEVICE_FAMILY = "1,2";
			};
			name = Debug;
		};
		005A50E51F1F9FFC006631E0 /* Release */ = {
			isa = XCBuildConfiguration;
			buildSettings = {
				ALWAYS_SEARCH_USER_PATHS = NO;
				CLANG_ANALYZER_NONNULL = YES;
				CLANG_ANALYZER_NUMBER_OBJECT_CONVERSION = YES_AGGRESSIVE;
				CLANG_CXX_LANGUAGE_STANDARD = "gnu++0x";
				CLANG_CXX_LIBRARY = "libc++";
				CLANG_ENABLE_MODULES = YES;
				CLANG_ENABLE_OBJC_ARC = YES;
				CLANG_WARN_BOOL_CONVERSION = YES;
				CLANG_WARN_CONSTANT_CONVERSION = YES;
				CLANG_WARN_DIRECT_OBJC_ISA_USAGE = YES_ERROR;
				CLANG_WARN_DOCUMENTATION_COMMENTS = YES;
				CLANG_WARN_EMPTY_BODY = YES;
				CLANG_WARN_ENUM_CONVERSION = YES;
				CLANG_WARN_INFINITE_RECURSION = YES;
				CLANG_WARN_INT_CONVERSION = YES;
				CLANG_WARN_OBJC_ROOT_CLASS = YES_ERROR;
				CLANG_WARN_SUSPICIOUS_MOVE = YES;
				CLANG_WARN_UNREACHABLE_CODE = YES;
				CLANG_WARN__DUPLICATE_METHOD_MATCH = YES;
				"CODE_SIGN_IDENTITY[sdk=iphoneos*]" = "iPhone Developer";
				COPY_PHASE_STRIP = NO;
				DEBUG_INFORMATION_FORMAT = "dwarf-with-dsym";
				ENABLE_NS_ASSERTIONS = NO;
				ENABLE_STRICT_OBJC_MSGSEND = YES;
				GCC_C_LANGUAGE_STANDARD = gnu99;
				GCC_NO_COMMON_BLOCKS = YES;
				GCC_WARN_64_TO_32_BIT_CONVERSION = YES;
				GCC_WARN_ABOUT_RETURN_TYPE = YES_ERROR;
				GCC_WARN_UNDECLARED_SELECTOR = YES;
				GCC_WARN_UNINITIALIZED_AUTOS = YES_AGGRESSIVE;
				GCC_WARN_UNUSED_FUNCTION = YES;
				GCC_WARN_UNUSED_VARIABLE = YES;
				IPHONEOS_DEPLOYMENT_TARGET = 10.3;
				MTL_ENABLE_DEBUG_INFO = NO;
				SDKROOT = iphoneos;
				SWIFT_OPTIMIZATION_LEVEL = "-Owholemodule";
				TARGETED_DEVICE_FAMILY = "1,2";
				VALIDATE_PRODUCT = YES;
			};
			name = Release;
		};
		005A50E71F1F9FFC006631E0 /* Debug */ = {
			isa = XCBuildConfiguration;
			baseConfigurationReference = C21BC3C3D45401B71181A7BE /* Pods-SocialApp.debug.xcconfig */;
			buildSettings = {
				ASSETCATALOG_COMPILER_APPICON_NAME = AppIcon;
				DEVELOPMENT_TEAM = VUPUN7YH6F;
				INFOPLIST_FILE = SocialApp/Info.plist;
				LD_RUNPATH_SEARCH_PATHS = "$(inherited) @executable_path/Frameworks";
				PRODUCT_BUNDLE_IDENTIFIER = com.JClerico.SocialApp;
				PRODUCT_NAME = "$(TARGET_NAME)";
				SWIFT_VERSION = 3.0;
			};
			name = Debug;
		};
		005A50E81F1F9FFC006631E0 /* Release */ = {
			isa = XCBuildConfiguration;
			baseConfigurationReference = 8EF9298813EC9DC681D486D3 /* Pods-SocialApp.release.xcconfig */;
			buildSettings = {
				ASSETCATALOG_COMPILER_APPICON_NAME = AppIcon;
				DEVELOPMENT_TEAM = VUPUN7YH6F;
				INFOPLIST_FILE = SocialApp/Info.plist;
				LD_RUNPATH_SEARCH_PATHS = "$(inherited) @executable_path/Frameworks";
				PRODUCT_BUNDLE_IDENTIFIER = com.JClerico.SocialApp;
				PRODUCT_NAME = "$(TARGET_NAME)";
				SWIFT_VERSION = 3.0;
			};
			name = Release;
		};
/* End XCBuildConfiguration section */

/* Begin XCConfigurationList section */
		005A50CF1F1F9FFC006631E0 /* Build configuration list for PBXProject "SocialApp" */ = {
			isa = XCConfigurationList;
			buildConfigurations = (
				005A50E41F1F9FFC006631E0 /* Debug */,
				005A50E51F1F9FFC006631E0 /* Release */,
			);
			defaultConfigurationIsVisible = 0;
			defaultConfigurationName = Release;
		};
		005A50E61F1F9FFC006631E0 /* Build configuration list for PBXNativeTarget "SocialApp" */ = {
			isa = XCConfigurationList;
			buildConfigurations = (
				005A50E71F1F9FFC006631E0 /* Debug */,
				005A50E81F1F9FFC006631E0 /* Release */,
			);
			defaultConfigurationIsVisible = 0;
			defaultConfigurationName = Release;
		};
/* End XCConfigurationList section */
	};
	rootObject = 005A50CC1F1F9FFC006631E0 /* Project object */;
}
